github.com/emersion/go-imap v1.0.0-beta.5 h1:KpOPIoPNNq5m9LpWqRZcUgoDoc4SBy+TdYniGdwBJiU=
github.com/emersion/go-imap v1.0.0-beta.5/go.mod h1:hwG4om0BJJYYFktL0Wm3xHhL3kybvG0hlm94ZofzwWQ=
github.com/emersion/go-message v0.10.2-0.20190514201857-604a73722993/go.mod h1:7d2eJfhjiJSnlaKcUPq7sEC7ekWELG6F5Lw2BxOGj6Y=
github.com/emersion/go-sasl v0.0.0-20161116183048-7e096a0a6197 h1:rDJPbyliyym8ZL/Wt71kdolp6yaD4fLIQz638E6JEt0=
github.com/emersion/go-sasl v0.0.0-20161116183048-7e096a0a6197/go.mod h1:G/dpzLu16WtQpBfQ/z3LYiYJn3ZhKSGWn83fyoyQe/k=
github.com/emersion/go-textwrapper v0.0.0-20160606182133-d0e65e56babe/go.mod h1:aqO8z8wPrjkscevZJFVE1wXJrLpC5LtJG7fqLOsPb2U=
golang.org/x/text v0.3.2 h1:tW2bmiBqwgJj/UpqtC8EpXEZVYOwU0yG4iWbprSVAcs=
golang.org/x/text v0.3.2/go.mod h1:bEr9sfX3Q8Zfm5fL9x+3itogRgK3+ptLWKqgva+5dAk=
golang.org/x/tools v0.0.0-20180917221912-90fa682c2a6e/go.mod h1:n7NCudcB/nEzxVGmLbDWY5pfWTLqBcC2KZ6jyYvM4mQ=
